github.com/webmafia/fast v0.5.0 h1:7gGya8XQ7oUPX0ngc+MRUFRQv2KAJeTnWyrGZb3pQ1o=
github.com/webmafia/fast v0.5.0/go.mod h1:huJN6MVve9MkiXpAzyuyd0UGhTXt3B/lukYR2/Zu0/Q=
github.com/webmafia/fast v0.6.0 h1:rRHRqjTNLQiu/k3lEQPxy0WccV7n+k1fCeKLls793wY=
github.com/webmafia/fast v0.6.0/go.mod h1:huJN6MVve9MkiXpAzyuyd0UGhTXt3B/lukYR2/Zu0/Q=
